PODS:
  - KYPhotoKit (2.1.2):
    - KYPhotoKit/base (= 2.1.2)
    - KYPhotoKit/display (= 2.1.2)
    - KYPhotoKit/hud (= 2.1.2)
    - KYPhotoKit/scanner (= 2.1.2)
    - KYPhotoKit/sources (= 2.1.2)
  - KYPhotoKit/base (2.1.2)
  - KYPhotoKit/display (2.1.2):
    - KYPhotoKit/hud
    - KYPhotoKit/scanner
    - KYPhotoKit/sources
  - KYPhotoKit/hud (2.1.2):
    - KYPhotoKit/base
  - KYPhotoKit/scanner (2.1.2):
    - KYPhotoKit/hud
    - KYPhotoKit/sources
  - KYPhotoKit/sources (2.1.2):
    - KYPhotoKit/base

DEPENDENCIES:
  - KYPhotoKit (from `../`)

EXTERNAL SOURCES:
  KYPhotoKit:
    :path: "../"

SPEC CHECKSUMS:
  KYPhotoKit: 30681c8a63f3f6cdd4e2e8f168130a8b07223627

PODFILE CHECKSUM: 0fd92acb2fc3876726ca1bc1caaab068b85228a5

COCOAPODS: 1.9.1
