PODS:
  - KYPhotoKit (2.1.2):
    - KYPhotoKit/display (= 2.1.2)
    - KYPhotoKit/hud (= 2.1.2)
    - KYPhotoKit/scanner (= 2.1.2)
    - KYPhotoKit/sources (= 2.1.2)
  - KYPhotoKit/display (2.1.2):
    - KYPhotoKit/scanner
    - KYPhotoKit/sources
  - KYPhotoKit/hud (2.1.2)
  - KYPhotoKit/scanner (2.1.2):
    - KYPhotoKit/sources
  - KYPhotoKit/sources (2.1.2)

DEPENDENCIES:
  - KYPhotoKit (from `../`)

EXTERNAL SOURCES:
  KYPhotoKit:
    :path: "../"

SPEC CHECKSUMS:
  KYPhotoKit: f8e17888d4b49c4175ebbd377f44e2cfce4a0216

PODFILE CHECKSUM: 0fd92acb2fc3876726ca1bc1caaab068b85228a5

COCOAPODS: 1.6.1
